
Microsoft Visual Studio Solution File, Format Version 12.00
# Visual Studio Version 17
VisualStudioVersion = 17.5.33414.496
MinimumVisualStudioVersion = 10.0.40219.1
Project("{8BC9CEB8-8B4A-11D0-8D11-00A0C91BC942}") = "LAB7_SDA", "LAB7_SDA\LAB7_SDA.vcxproj", "{E89A5D69-C432-4C9C-A742-CF5893335190}"
EndProject
Global
	GlobalSection(SolutionConfigurationPlatforms) = preSolution
		Debug|x64 = Debug|x64
		Debug|x86 = Debug|x86
		Release|x64 = Release|x64
		Release|x86 = Release|x86
	EndGlobalSection
	GlobalSection(ProjectConfigurationPlatforms) = postSolution
		{E89A5D69-C432-4C9C-A742-CF5893335190}.Debug|x64.ActiveCfg = Debug|x64
		{E89A5D69-C432-4C9C-A742-CF5893335190}.Debug|x64.Build.0 = Debug|x64
		{E89A5D69-C432-4C9C-A742-CF5893335190}.Debug|x86.ActiveCfg = Debug|Win32
		{E89A5D69-C432-4C9C-A742-CF5893335190}.Debug|x86.Build.0 = Debug|Win32
		{E89A5D69-C432-4C9C-A742-CF5893335190}.Release|x64.ActiveCfg = Release|x64
		{E89A5D69-C432-4C9C-A742-CF5893335190}.Release|x64.Build.0 = Release|x64
		{E89A5D69-C432-4C9C-A742-CF5893335190}.Release|x86.ActiveCfg = Release|Win32
		{E89A5D69-C432-4C9C-A742-CF5893335190}.Release|x86.Build.0 = Release|Win32
	EndGlobalSection
	GlobalSection(SolutionProperties) = preSolution
		HideSolutionNode = FALSE
	EndGlobalSection
	GlobalSection(ExtensibilityGlobals) = postSolution
		SolutionGuid = {757F307E-F91A-4315-A5AC-DF538930C737}
	EndGlobalSection
EndGlobal
